
Microsoft Visual Studio Solution File, Format Version 12.00
# Visual Studio Version 16
VisualStudioVersion = 16.0.810.8
MinimumVisualStudioVersion = 10.0.40219.1
Project("{FAE04EC0-301F-11D3-BF4B-00C04F79EFBC}") = "WEEK3-LAB", "WEEK3-LAB.csproj", "{BA5213B8-9BD9-413C-89AD-EBADCB577E2A}"
EndProject
Global
	GlobalSection(SolutionConfigurationPlatforms) = preSolution
		Debug|Any CPU = Debug|Any CPU
		Release|Any CPU = Release|Any CPU
	EndGlobalSection
	GlobalSection(ProjectConfigurationPlatforms) = postSolution
		{BA5213B8-9BD9-413C-89AD-EBADCB577E2A}.Debug|Any CPU.ActiveCfg = Debug|Any CPU
		{BA5213B8-9BD9-413C-89AD-EBADCB577E2A}.Debug|Any CPU.Build.0 = Debug|Any CPU
		{BA5213B8-9BD9-413C-89AD-EBADCB577E2A}.Release|Any CPU.ActiveCfg = Release|Any CPU
		{BA5213B8-9BD9-413C-89AD-EBADCB577E2A}.Release|Any CPU.Build.0 = Release|Any CPU
	EndGlobalSection
	GlobalSection(SolutionProperties) = preSolution
		HideSolutionNode = FALSE
	EndGlobalSection
	GlobalSection(ExtensibilityGlobals) = postSolution
		SolutionGuid = {B45B4484-AF72-4A27-B38F-5DCF69F9598B}
	EndGlobalSection
EndGlobal
